# THIS IS AN AUTOGENERATED FILE. DO NOT EDIT THIS FILE DIRECTLY.
# yarn lockfile v1


"@types/phoenix@^0.0.4":
  version "0.0.4"
  resolved "http://registry.npmjs.org/@types/phoenix/-/phoenix-0.0.4.tgz#6ada6be91dfdc1fa77ed57691f92821920f71d12"

phoenix@^1.4.0:
  version "1.4.0"
  resolved "https://registry.yarnpkg.com/phoenix/-/phoenix-1.4.0.tgz#9cec8dbd8cbc59ecd2147bc09ca8ceb56b860d75"
